
Microsoft Visual Studio Solution File, Format Version 12.00
Project("{FAE04EC0-301F-11D3-BF4B-00C04F79EFBC}") = "p5r.CustomSaveDataFramework", "p5r.CustomSaveDataFramework\p5r.CustomSaveDataFramework.csproj", "{D590B4BA-E24C-444A-969F-2462EB861109}"
EndProject
Project("{FAE04EC0-301F-11D3-BF4B-00C04F79EFBC}") = "p5r.CustomSaveDataFramework.Interfaces", "p5r.CustomSaveDataFramework.Interfaces\p5r.CustomSaveDataFramework.Interfaces.csproj", "{A88EBD76-B3B8-4A47-8FAD-F85EFE34F397}"
EndProject
Global
	GlobalSection(SolutionConfigurationPlatforms) = preSolution
		Debug|Any CPU = Debug|Any CPU
		Release|Any CPU = Release|Any CPU
	EndGlobalSection
	GlobalSection(ProjectConfigurationPlatforms) = postSolution
		{D590B4BA-E24C-444A-969F-2462EB861109}.Debug|Any CPU.ActiveCfg = Debug|Any CPU
		{D590B4BA-E24C-444A-969F-2462EB861109}.Debug|Any CPU.Build.0 = Debug|Any CPU
		{D590B4BA-E24C-444A-969F-2462EB861109}.Release|Any CPU.ActiveCfg = Release|Any CPU
		{D590B4BA-E24C-444A-969F-2462EB861109}.Release|Any CPU.Build.0 = Release|Any CPU
		{A88EBD76-B3B8-4A47-8FAD-F85EFE34F397}.Release|Any CPU.ActiveCfg = Release|Any CPU
		{A88EBD76-B3B8-4A47-8FAD-F85EFE34F397}.Release|Any CPU.Build.0 = Release|Any CPU
		{A88EBD76-B3B8-4A47-8FAD-F85EFE34F397}.Debug|Any CPU.ActiveCfg = Release|Any CPU
		{A88EBD76-B3B8-4A47-8FAD-F85EFE34F397}.Debug|Any CPU.Build.0 = Release|Any CPU
	EndGlobalSection
EndGlobal
